
Microsoft Visual Studio Solution File, Format Version 12.00
# Visual Studio Version 17
VisualStudioVersion = 17.12.35707.178 d17.12
MinimumVisualStudioVersion = 10.0.40219.1
Project("{FAE04EC0-301F-11D3-BF4B-00C04F79EFBC}") = "PAW.Mvc", "PAW.Mvc\PAW.Mvc.csproj", "{65E2E424-A06D-42B1-8404-7B80B573FE33}"
EndProject
Project("{FAE04EC0-301F-11D3-BF4B-00C04F79EFBC}") = "PAW.Data", "PAW.Data\PAW.Data.csproj", "{51E0E42A-85C3-4C5F-AC6A-D556A17AB833}"
EndProject
Global
	GlobalSection(SolutionConfigurationPlatforms) = preSolution
		Debug|Any CPU = Debug|Any CPU
		Release|Any CPU = Release|Any CPU
	EndGlobalSection
	GlobalSection(ProjectConfigurationPlatforms) = postSolution
		{65E2E424-A06D-42B1-8404-7B80B573FE33}.Debug|Any CPU.ActiveCfg = Debug|Any CPU
		{65E2E424-A06D-42B1-8404-7B80B573FE33}.Debug|Any CPU.Build.0 = Debug|Any CPU
		{65E2E424-A06D-42B1-8404-7B80B573FE33}.Release|Any CPU.ActiveCfg = Release|Any CPU
		{65E2E424-A06D-42B1-8404-7B80B573FE33}.Release|Any CPU.Build.0 = Release|Any CPU
		{51E0E42A-85C3-4C5F-AC6A-D556A17AB833}.Debug|Any CPU.ActiveCfg = Debug|Any CPU
		{51E0E42A-85C3-4C5F-AC6A-D556A17AB833}.Debug|Any CPU.Build.0 = Debug|Any CPU
		{51E0E42A-85C3-4C5F-AC6A-D556A17AB833}.Release|Any CPU.ActiveCfg = Release|Any CPU
		{51E0E42A-85C3-4C5F-AC6A-D556A17AB833}.Release|Any CPU.Build.0 = Release|Any CPU
	EndGlobalSection
	GlobalSection(SolutionProperties) = preSolution
		HideSolutionNode = FALSE
	EndGlobalSection
EndGlobal
